PODS:
  - AxeptioSDK (0.3.3):
    - KeychainSwift
    - Kingfisher
  - KeychainSwift (20.0.0)
  - Kingfisher (6.3.1)

DEPENDENCIES:
  - AxeptioSDK (from `../`)

SPEC REPOS:
  trunk:
    - KeychainSwift
    - Kingfisher

EXTERNAL SOURCES:
  AxeptioSDK:
    :path: "../"

SPEC CHECKSUMS:
  AxeptioSDK: 5ec5029e82474a9875781dcbeb21fa51518f9f34
  KeychainSwift: 0ce6a4d13f7228054d1a71bb1b500448fb2ab837
  Kingfisher: 016c8b653a35add51dd34a3aba36b580041acc74

PODFILE CHECKSUM: 2035eef1274f445a25fef819d8ea1b60640587cd

COCOAPODS: 1.11.2
